// !$*UTF8*$!
{
	archiveVersion = 1;
	classes = {
	};
	objectVersion = 56;
	objects = {

/* Begin PBXBuildFile section */
		EA6C80E929CAD89F0033E434 /* ChatGPT_MemoApp.xcdatamodeld in Sources */ = {isa = PBXBuildFile; fileRef = EA6C80E729CAD89F0033E434 /* ChatGPT_MemoApp.xcdatamodeld */; };
		EA6C80EC29CAD8EE0033E434 /* Chat+CoreDataClass.swift in Sources */ = {isa = PBXBuildFile; fileRef = EA6C80EA29CAD8EE0033E434 /* Chat+CoreDataClass.swift */; };
		EA6C80ED29CAD8EE0033E434 /* Chat+CoreDataProperties.swift in Sources */ = {isa = PBXBuildFile; fileRef = EA6C80EB29CAD8EE0033E434 /* Chat+CoreDataProperties.swift */; };
		EA6C80F229CAD9EF0033E434 /* HomeView.swift in Sources */ = {isa = PBXBuildFile; fileRef = EA6C80F129CAD9EF0033E434 /* HomeView.swift */; };
		EA6C80F429CADA530033E434 /* Persistence.swift in Sources */ = {isa = PBXBuildFile; fileRef = EA6C80F329CADA530033E434 /* Persistence.swift */; };
		EA6C80F629CADDB40033E434 /* AddView.swift in Sources */ = {isa = PBXBuildFile; fileRef = EA6C80F529CADDB40033E434 /* AddView.swift */; };
		EA6C80F929CAE4B20033E434 /* OpenAISwift in Frameworks */ = {isa = PBXBuildFile; productRef = EA6C80F829CAE4B20033E434 /* OpenAISwift */; };
		EAB51A2429CAD3EA00D51859 /* ChatGPT_MemoAppApp.swift in Sources */ = {isa = PBXBuildFile; fileRef = EAB51A2329CAD3EA00D51859 /* ChatGPT_MemoAppApp.swift */; };
		EAB51A2B29CAD3EA00D51859 /* ContentView.swift in Sources */ = {isa = PBXBuildFile; fileRef = EAB51A2A29CAD3EA00D51859 /* ContentView.swift */; };
		EAB51A2D29CAD3F100D51859 /* Assets.xcassets in Resources */ = {isa = PBXBuildFile; fileRef = EAB51A2C29CAD3F100D51859 /* Assets.xcassets */; };
		EAB51A3129CAD3F100D51859 /* Preview Assets.xcassets in Resources */ = {isa = PBXBuildFile; fileRef = EAB51A3029CAD3F100D51859 /* Preview Assets.xcassets */; };
/* End PBXBuildFile section */

/* Begin PBXFileReference section */
		EA6C80E829CAD89F0033E434 /* ChatGPT_MemoApp.xcdatamodel */ = {isa = PBXFileReference; lastKnownFileType = wrapper.xcdatamodel; path = ChatGPT_MemoApp.xcdatamodel; sourceTree = "<group>"; };
		EA6C80EA29CAD8EE0033E434 /* Chat+CoreDataClass.swift */ = {isa = PBXFileReference; lastKnownFileType = sourcecode.swift; name = "Chat+CoreDataClass.swift"; path = "ChatGPT_MemoApp/Chat+CoreDataClass.swift"; sourceTree = "<group>"; };
		EA6C80EB29CAD8EE0033E434 /* Chat+CoreDataProperties.swift */ = {isa = PBXFileReference; lastKnownFileType = sourcecode.swift; name = "Chat+CoreDataProperties.swift"; path = "ChatGPT_MemoApp/Chat+CoreDataProperties.swift"; sourceTree = "<group>"; };
		EA6C80F129CAD9EF0033E434 /* HomeView.swift */ = {isa = PBXFileReference; lastKnownFileType = sourcecode.swift; path = HomeView.swift; sourceTree = "<group>"; };
		EA6C80F329CADA530033E434 /* Persistence.swift */ = {isa = PBXFileReference; lastKnownFileType = sourcecode.swift; path = Persistence.swift; sourceTree = "<group>"; };
		EA6C80F529CADDB40033E434 /* AddView.swift */ = {isa = PBXFileReference; lastKnownFileType = sourcecode.swift; path = AddView.swift; sourceTree = "<group>"; };
		EAB51A2029CAD3EA00D51859 /* ChatGPT_MemoApp.app */ = {isa = PBXFileReference; explicitFileType = wrapper.application; includeInIndex = 0; path = ChatGPT_MemoApp.app; sourceTree = BUILT_PRODUCTS_DIR; };
		EAB51A2329CAD3EA00D51859 /* ChatGPT_MemoAppApp.swift */ = {isa = PBXFileReference; lastKnownFileType = sourcecode.swift; path = ChatGPT_MemoAppApp.swift; sourceTree = "<group>"; };
		EAB51A2A29CAD3EA00D51859 /* ContentView.swift */ = {isa = PBXFileReference; lastKnownFileType = sourcecode.swift; path = ContentView.swift; sourceTree = "<group>"; };
		EAB51A2C29CAD3F100D51859 /* Assets.xcassets */ = {isa = PBXFileReference; lastKnownFileType = folder.assetcatalog; path = Assets.xcassets; sourceTree = "<group>"; };
		EAB51A2E29CAD3F100D51859 /* ChatGPT_MemoApp.entitlements */ = {isa = PBXFileReference; lastKnownFileType = text.plist.entitlements; path = ChatGPT_MemoApp.entitlements; sourceTree = "<group>"; };
		EAB51A3029CAD3F100D51859 /* Preview Assets.xcassets */ = {isa = PBXFileReference; lastKnownFileType = folder.assetcatalog; path = "Preview Assets.xcassets"; sourceTree = "<group>"; };
/* End PBXFileReference section */

/* Begin PBXFrameworksBuildPhase section */
		EAB51A1D29CAD3EA00D51859 /* Frameworks */ = {
			isa = PBXFrameworksBuildPhase;
			buildActionMask = 2147483647;
			files = (
				EA6C80F929CAE4B20033E434 /* OpenAISwift in Frameworks */,
			);
			runOnlyForDeploymentPostprocessing = 0;
		};
/* End PBXFrameworksBuildPhase section */

/* Begin PBXGroup section */
		EA6C80EE29CAD9CD0033E434 /* View */ = {
			isa = PBXGroup;
			children = (
				EAB51A2A29CAD3EA00D51859 /* ContentView.swift */,
				EA6C80F129CAD9EF0033E434 /* HomeView.swift */,
				EA6C80F529CADDB40033E434 /* AddView.swift */,
			);
			path = View;
			sourceTree = "<group>";
		};
		EAB51A1729CAD3EA00D51859 = {
			isa = PBXGroup;
			children = (
				EA6C80EA29CAD8EE0033E434 /* Chat+CoreDataClass.swift */,
				EA6C80EB29CAD8EE0033E434 /* Chat+CoreDataProperties.swift */,
				EAB51A2229CAD3EA00D51859 /* ChatGPT_MemoApp */,
				EAB51A2129CAD3EA00D51859 /* Products */,
			);
			sourceTree = "<group>";
		};
		EAB51A2129CAD3EA00D51859 /* Products */ = {
			isa = PBXGroup;
			children = (
				EAB51A2029CAD3EA00D51859 /* ChatGPT_MemoApp.app */,
			);
			name = Products;
			sourceTree = "<group>";
		};
		EAB51A2229CAD3EA00D51859 /* ChatGPT_MemoApp */ = {
			isa = PBXGroup;
			children = (
				EAB51A2329CAD3EA00D51859 /* ChatGPT_MemoAppApp.swift */,
				EA6C80F329CADA530033E434 /* Persistence.swift */,
				EA6C80EE29CAD9CD0033E434 /* View */,
				EAB51A2C29CAD3F100D51859 /* Assets.xcassets */,
				EAB51A2E29CAD3F100D51859 /* ChatGPT_MemoApp.entitlements */,
				EA6C80E729CAD89F0033E434 /* ChatGPT_MemoApp.xcdatamodeld */,
				EAB51A2F29CAD3F100D51859 /* Preview Content */,
			);
			path = ChatGPT_MemoApp;
			sourceTree = "<group>";
		};
		EAB51A2F29CAD3F100D51859 /* Preview Content */ = {
			isa = PBXGroup;
			children = (
				EAB51A3029CAD3F100D51859 /* Preview Assets.xcassets */,
			);
			path = "Preview Content";
			sourceTree = "<group>";
		};
/* End PBXGroup section */

/* Begin PBXNativeTarget section */
		EAB51A1F29CAD3EA00D51859 /* ChatGPT_MemoApp */ = {
			isa = PBXNativeTarget;
			buildConfigurationList = EAB51A3429CAD3F100D51859 /* Build configuration list for PBXNativeTarget "ChatGPT_MemoApp" */;
			buildPhases = (
				EAB51A1C29CAD3EA00D51859 /* Sources */,
				EAB51A1D29CAD3EA00D51859 /* Frameworks */,
				EAB51A1E29CAD3EA00D51859 /* Resources */,
			);
			buildRules = (
			);
			dependencies = (
			);
			name = ChatGPT_MemoApp;
			packageProductDependencies = (
				EA6C80F829CAE4B20033E434 /* OpenAISwift */,
			);
			productName = ChatGPT_MemoApp;
			productReference = EAB51A2029CAD3EA00D51859 /* ChatGPT_MemoApp.app */;
			productType = "com.apple.product-type.application";
		};
/* End PBXNativeTarget section */

/* Begin PBXProject section */
		EAB51A1829CAD3EA00D51859 /* Project object */ = {
			isa = PBXProject;
			attributes = {
				BuildIndependentTargetsInParallel = 1;
				LastSwiftUpdateCheck = 1420;
				LastUpgradeCheck = 1420;
				TargetAttributes = {
					EAB51A1F29CAD3EA00D51859 = {
						CreatedOnToolsVersion = 14.2;
					};
				};
			};
			buildConfigurationList = EAB51A1B29CAD3EA00D51859 /* Build configuration list for PBXProject "ChatGPT_MemoApp" */;
			compatibilityVersion = "Xcode 14.0";
			developmentRegion = en;
			hasScannedForEncodings = 0;
			knownRegions = (
				en,
				Base,
			);
			mainGroup = EAB51A1729CAD3EA00D51859;
			packageReferences = (
				EA6C80F729CAE4B20033E434 /* XCRemoteSwiftPackageReference "OpenAISwift" */,
			);
			productRefGroup = EAB51A2129CAD3EA00D51859 /* Products */;
			projectDirPath = "";
			projectRoot = "";
			targets = (
				EAB51A1F29CAD3EA00D51859 /* ChatGPT_MemoApp */,
			);
		};
/* End PBXProject section */

/* Begin PBXResourcesBuildPhase section */
		EAB51A1E29CAD3EA00D51859 /* Resources */ = {
			isa = PBXResourcesBuildPhase;
			buildActionMask = 2147483647;
			files = (
				EAB51A3129CAD3F100D51859 /* Preview Assets.xcassets in Resources */,
				EAB51A2D29CAD3F100D51859 /* Assets.xcassets in Resources */,
			);
			runOnlyForDeploymentPostprocessing = 0;
		};
/* End PBXResourcesBuildPhase section */

/* Begin PBXSourcesBuildPhase section */
		EAB51A1C29CAD3EA00D51859 /* Sources */ = {
			isa = PBXSourcesBuildPhase;
			buildActionMask = 2147483647;
			files = (
				EAB51A2429CAD3EA00D51859 /* ChatGPT_MemoAppApp.swift in Sources */,
				EA6C80E929CAD89F0033E434 /* ChatGPT_MemoApp.xcdatamodeld in Sources */,
				EA6C80EC29CAD8EE0033E434 /* Chat+CoreDataClass.swift in Sources */,
				EA6C80F429CADA530033E434 /* Persistence.swift in Sources */,
				EA6C80F629CADDB40033E434 /* AddView.swift in Sources */,
				EA6C80F229CAD9EF0033E434 /* HomeView.swift in Sources */,
				EA6C80ED29CAD8EE0033E434 /* Chat+CoreDataProperties.swift in Sources */,
				EAB51A2B29CAD3EA00D51859 /* ContentView.swift in Sources */,
			);
			runOnlyForDeploymentPostprocessing = 0;
		};
/* End PBXSourcesBuildPhase section */

/* Begin XCBuildConfiguration section */
		EAB51A3229CAD3F100D51859 /* Debug */ = {
			isa = XCBuildConfiguration;
			buildSettings = {
				ALWAYS_SEARCH_USER_PATHS = NO;
				CLANG_ANALYZER_NONNULL = YES;
				CLANG_ANALYZER_NUMBER_OBJECT_CONVERSION = YES_AGGRESSIVE;
				CLANG_CXX_LANGUAGE_STANDARD = "gnu++20";
				CLANG_ENABLE_MODULES = YES;
				CLANG_ENABLE_OBJC_ARC = YES;
				CLANG_ENABLE_OBJC_WEAK = YES;
				CLANG_WARN_BLOCK_CAPTURE_AUTORELEASING = YES;
				CLANG_WARN_BOOL_CONVERSION = YES;
				CLANG_WARN_COMMA = YES;
				CLANG_WARN_CONSTANT_CONVERSION = YES;
				CLANG_WARN_DEPRECATED_OBJC_IMPLEMENTATIONS = YES;
				CLANG_WARN_DIRECT_OBJC_ISA_USAGE = YES_ERROR;
				CLANG_WARN_DOCUMENTATION_COMMENTS = YES;
				CLANG_WARN_EMPTY_BODY = YES;
				CLANG_WARN_ENUM_CONVERSION = YES;
				CLANG_WARN_INFINITE_RECURSION = YES;
				CLANG_WARN_INT_CONVERSION = YES;
				CLANG_WARN_NON_LITERAL_NULL_CONVERSION = YES;
				CLANG_WARN_OBJC_IMPLICIT_RETAIN_SELF = YES;
				CLANG_WARN_OBJC_LITERAL_CONVERSION = YES;
				CLANG_WARN_OBJC_ROOT_CLASS = YES_ERROR;
				CLANG_WARN_QUOTED_INCLUDE_IN_FRAMEWORK_HEADER = YES;
				CLANG_WARN_RANGE_LOOP_ANALYSIS = YES;
				CLANG_WARN_STRICT_PROTOTYPES = YES;
				CLANG_WARN_SUSPICIOUS_MOVE = YES;
				CLANG_WARN_UNGUARDED_AVAILABILITY = YES_AGGRESSIVE;
				CLANG_WARN_UNREACHABLE_CODE = YES;
				CLANG_WARN__DUPLICATE_METHOD_MATCH = YES;
				COPY_PHASE_STRIP = NO;
				DEBUG_INFORMATION_FORMAT = dwarf;
				ENABLE_STRICT_OBJC_MSGSEND = YES;
				ENABLE_TESTABILITY = YES;
				GCC_C_LANGUAGE_STANDARD = gnu11;
				GCC_DYNAMIC_NO_PIC = NO;
				GCC_NO_COMMON_BLOCKS = YES;
				GCC_OPTIMIZATION_LEVEL = 0;
				GCC_PREPROCESSOR_DEFINITIONS = (
					"DEBUG=1",
					"$(inherited)",
				);
				GCC_WARN_64_TO_32_BIT_CONVERSION = YES;
				GCC_WARN_ABOUT_RETURN_TYPE = YES_ERROR;
				GCC_WARN_UNDECLARED_SELECTOR = YES;
				GCC_WARN_UNINITIALIZED_AUTOS = YES_AGGRESSIVE;
				GCC_WARN_UNUSED_FUNCTION = YES;
				GCC_WARN_UNUSED_VARIABLE = YES;
				MTL_ENABLE_DEBUG_INFO = INCLUDE_SOURCE;
				MTL_FAST_MATH = YES;
				ONLY_ACTIVE_ARCH = YES;
				SWIFT_ACTIVE_COMPILATION_CONDITIONS = DEBUG;
				SWIFT_OPTIMIZATION_LEVEL = "-Onone";
			};
			name = Debug;
		};
		EAB51A3329CAD3F100D51859 /* Release */ = {
			isa = XCBuildConfiguration;
			buildSettings = {
				ALWAYS_SEARCH_USER_PATHS = NO;
				CLANG_ANALYZER_NONNULL = YES;
				CLANG_ANALYZER_NUMBER_OBJECT_CONVERSION = YES_AGGRESSIVE;
				CLANG_CXX_LANGUAGE_STANDARD = "gnu++20";
				CLANG_ENABLE_MODULES = YES;
				CLANG_ENABLE_OBJC_ARC = YES;
				CLANG_ENABLE_OBJC_WEAK = YES;
				CLANG_WARN_BLOCK_CAPTURE_AUTORELEASING = YES;
				CLANG_WARN_BOOL_CONVERSION = YES;
				CLANG_WARN_COMMA = YES;
				CLANG_WARN_CONSTANT_CONVERSION = YES;
				CLANG_WARN_DEPRECATED_OBJC_IMPLEMENTATIONS = YES;
				CLANG_WARN_DIRECT_OBJC_ISA_USAGE = YES_ERROR;
				CLANG_WARN_DOCUMENTATION_COMMENTS = YES;
				CLANG_WARN_EMPTY_BODY = YES;
				CLANG_WARN_ENUM_CONVERSION = YES;
				CLANG_WARN_INFINITE_RECURSION = YES;
				CLANG_WARN_INT_CONVERSION = YES;
				CLANG_WARN_NON_LITERAL_NULL_CONVERSION = YES;
				CLANG_WARN_OBJC_IMPLICIT_RETAIN_SELF = YES;
				CLANG_WARN_OBJC_LITERAL_CONVERSION = YES;
				CLANG_WARN_OBJC_ROOT_CLASS = YES_ERROR;
				CLANG_WARN_QUOTED_INCLUDE_IN_FRAMEWORK_HEADER = YES;
				CLANG_WARN_RANGE_LOOP_ANALYSIS = YES;
				CLANG_WARN_STRICT_PROTOTYPES = YES;
				CLANG_WARN_SUSPICIOUS_MOVE = YES;
				CLANG_WARN_UNGUARDED_AVAILABILITY = YES_AGGRESSIVE;
				CLANG_WARN_UNREACHABLE_CODE = YES;
				CLANG_WARN__DUPLICATE_METHOD_MATCH = YES;
				COPY_PHASE_STRIP = NO;
				DEBUG_INFORMATION_FORMAT = "dwarf-with-dsym";
				ENABLE_NS_ASSERTIONS = NO;
				ENABLE_STRICT_OBJC_MSGSEND = YES;
				GCC_C_LANGUAGE_STANDARD = gnu11;
				GCC_NO_COMMON_BLOCKS = YES;
				GCC_WARN_64_TO_32_BIT_CONVERSION = YES;
				GCC_WARN_ABOUT_RETURN_TYPE = YES_ERROR;
				GCC_WARN_UNDECLARED_SELECTOR = YES;
				GCC_WARN_UNINITIALIZED_AUTOS = YES_AGGRESSIVE;
				GCC_WARN_UNUSED_FUNCTION = YES;
				GCC_WARN_UNUSED_VARIABLE = YES;
				MTL_ENABLE_DEBUG_INFO = NO;
				MTL_FAST_MATH = YES;
				SWIFT_COMPILATION_MODE = wholemodule;
				SWIFT_OPTIMIZATION_LEVEL = "-O";
			};
			name = Release;
		};
		EAB51A3529CAD3F100D51859 /* Debug */ = {
			isa = XCBuildConfiguration;
			buildSettings = {
				ASSETCATALOG_COMPILER_APPICON_NAME = AppIcon;
				ASSETCATALOG_COMPILER_GLOBAL_ACCENT_COLOR_NAME = AccentColor;
				CODE_SIGN_ENTITLEMENTS = ChatGPT_MemoApp/ChatGPT_MemoApp.entitlements;
				CODE_SIGN_STYLE = Automatic;
				CURRENT_PROJECT_VERSION = 1;
				DEVELOPMENT_ASSET_PATHS = "\"ChatGPT_MemoApp/Preview Content\"";
				ENABLE_PREVIEWS = YES;
				GENERATE_INFOPLIST_FILE = YES;
				"INFOPLIST_KEY_UIApplicationSceneManifest_Generation[sdk=iphoneos*]" = YES;
				"INFOPLIST_KEY_UIApplicationSceneManifest_Generation[sdk=iphonesimulator*]" = YES;
				"INFOPLIST_KEY_UIApplicationSupportsIndirectInputEvents[sdk=iphoneos*]" = YES;
				"INFOPLIST_KEY_UIApplicationSupportsIndirectInputEvents[sdk=iphonesimulator*]" = YES;
				"INFOPLIST_KEY_UILaunchScreen_Generation[sdk=iphoneos*]" = YES;
				"INFOPLIST_KEY_UILaunchScreen_Generation[sdk=iphonesimulator*]" = YES;
				"INFOPLIST_KEY_UIStatusBarStyle[sdk=iphoneos*]" = UIStatusBarStyleDefault;
				"INFOPLIST_KEY_UIStatusBarStyle[sdk=iphonesimulator*]" = UIStatusBarStyleDefault;
				INFOPLIST_KEY_UISupportedInterfaceOrientations_iPad = "UIInterfaceOrientationPortrait UIInterfaceOrientationPortraitUpsideDown UIInterfaceOrientationLandscapeLeft UIInterfaceOrientationLandscapeRight";
				INFOPLIST_KEY_UISupportedInterfaceOrientations_iPhone = "UIInterfaceOrientationPortrait UIInterfaceOrientationLandscapeLeft UIInterfaceOrientationLandscapeRight";
				IPHONEOS_DEPLOYMENT_TARGET = 16.2;
				LD_RUNPATH_SEARCH_PATHS = "@executable_path/Frameworks";
				"LD_RUNPATH_SEARCH_PATHS[sdk=macosx*]" = "@executable_path/../Frameworks";
				MACOSX_DEPLOYMENT_TARGET = 13.1;
				MARKETING_VERSION = 1.0;
				PRODUCT_BUNDLE_IDENTIFIER = "com.ChatGPT-MemoApp";
				PRODUCT_NAME = "$(TARGET_NAME)";
				SDKROOT = auto;
				SUPPORTED_PLATFORMS = "iphoneos iphonesimulator macosx";
				SWIFT_EMIT_LOC_STRINGS = YES;
				SWIFT_VERSION = 5.0;
				TARGETED_DEVICE_FAMILY = "1,2";
			};
			name = Debug;
		};
		EAB51A3629CAD3F100D51859 /* Release */ = {
			isa = XCBuildConfiguration;
			buildSettings = {
				ASSETCATALOG_COMPILER_APPICON_NAME = AppIcon;
				ASSETCATALOG_COMPILER_GLOBAL_ACCENT_COLOR_NAME = AccentColor;
				CODE_SIGN_ENTITLEMENTS = ChatGPT_MemoApp/ChatGPT_MemoApp.entitlements;
				CODE_SIGN_STYLE = Automatic;
				CURRENT_PROJECT_VERSION = 1;
				DEVELOPMENT_ASSET_PATHS = "\"ChatGPT_MemoApp/Preview Content\"";
				ENABLE_PREVIEWS = YES;
				GENERATE_INFOPLIST_FILE = YES;
				"INFOPLIST_KEY_UIApplicationSceneManifest_Generation[sdk=iphoneos*]" = YES;
				"INFOPLIST_KEY_UIApplicationSceneManifest_Generation[sdk=iphonesimulator*]" = YES;
				"INFOPLIST_KEY_UIApplicationSupportsIndirectInputEvents[sdk=iphoneos*]" = YES;
				"INFOPLIST_KEY_UIApplicationSupportsIndirectInputEvents[sdk=iphonesimulator*]" = YES;
				"INFOPLIST_KEY_UILaunchScreen_Generation[sdk=iphoneos*]" = YES;
				"INFOPLIST_KEY_UILaunchScreen_Generation[sdk=iphonesimulator*]" = YES;
				"INFOPLIST_KEY_UIStatusBarStyle[sdk=iphoneos*]" = UIStatusBarStyleDefault;
				"INFOPLIST_KEY_UIStatusBarStyle[sdk=iphonesimulator*]" = UIStatusBarStyleDefault;
				INFOPLIST_KEY_UISupportedInterfaceOrientations_iPad = "UIInterfaceOrientationPortrait UIInterfaceOrientationPortraitUpsideDown UIInterfaceOrientationLandscapeLeft UIInterfaceOrientationLandscapeRight";
				INFOPLIST_KEY_UISupportedInterfaceOrientations_iPhone = "UIInterfaceOrientationPortrait UIInterfaceOrientationLandscapeLeft UIInterfaceOrientationLandscapeRight";
				IPHONEOS_DEPLOYMENT_TARGET = 16.2;
				LD_RUNPATH_SEARCH_PATHS = "@executable_path/Frameworks";
				"LD_RUNPATH_SEARCH_PATHS[sdk=macosx*]" = "@executable_path/../Frameworks";
				MACOSX_DEPLOYMENT_TARGET = 13.1;
				MARKETING_VERSION = 1.0;
				PRODUCT_BUNDLE_IDENTIFIER = "com.ChatGPT-MemoApp";
				PRODUCT_NAME = "$(TARGET_NAME)";
				SDKROOT = auto;
				SUPPORTED_PLATFORMS = "iphoneos iphonesimulator macosx";
				SWIFT_EMIT_LOC_STRINGS = YES;
				SWIFT_VERSION = 5.0;
				TARGETED_DEVICE_FAMILY = "1,2";
			};
			name = Release;
		};
/* End XCBuildConfiguration section */

/* Begin XCConfigurationList section */
		EAB51A1B29CAD3EA00D51859 /* Build configuration list for PBXProject "ChatGPT_MemoApp" */ = {
			isa = XCConfigurationList;
			buildConfigurations = (
				EAB51A3229CAD3F100D51859 /* Debug */,
				EAB51A3329CAD3F100D51859 /* Release */,
			);
			defaultConfigurationIsVisible = 0;
			defaultConfigurationName = Release;
		};
		EAB51A3429CAD3F100D51859 /* Build configuration list for PBXNativeTarget "ChatGPT_MemoApp" */ = {
			isa = XCConfigurationList;
			buildConfigurations = (
				EAB51A3529CAD3F100D51859 /* Debug */,
				EAB51A3629CAD3F100D51859 /* Release */,
			);
			defaultConfigurationIsVisible = 0;
			defaultConfigurationName = Release;
		};
/* End XCConfigurationList section */

/* Begin XCRemoteSwiftPackageReference section */
		EA6C80F729CAE4B20033E434 /* XCRemoteSwiftPackageReference "OpenAISwift" */ = {
			isa = XCRemoteSwiftPackageReference;
			repositoryURL = "https://github.com/adamrushy/OpenAISwift";
			requirement = {
				kind = upToNextMajorVersion;
				minimumVersion = 1.0.0;
			};
		};
/* End XCRemoteSwiftPackageReference section */

/* Begin XCSwiftPackageProductDependency section */
		EA6C80F829CAE4B20033E434 /* OpenAISwift */ = {
			isa = XCSwiftPackageProductDependency;
			package = EA6C80F729CAE4B20033E434 /* XCRemoteSwiftPackageReference "OpenAISwift" */;
			productName = OpenAISwift;
		};
/* End XCSwiftPackageProductDependency section */

/* Begin XCVersionGroup section */
		EA6C80E729CAD89F0033E434 /* ChatGPT_MemoApp.xcdatamodeld */ = {
			isa = XCVersionGroup;
			children = (
				EA6C80E829CAD89F0033E434 /* ChatGPT_MemoApp.xcdatamodel */,
			);
			currentVersion = EA6C80E829CAD89F0033E434 /* ChatGPT_MemoApp.xcdatamodel */;
			path = ChatGPT_MemoApp.xcdatamodeld;
			sourceTree = "<group>";
			versionGroupType = wrapper.xcdatamodel;
		};
/* End XCVersionGroup section */
	};
	rootObject = EAB51A1829CAD3EA00D51859 /* Project object */;
}
